// !$*UTF8*$!
{
	archiveVersion = 1;
	classes = {
	};
	objectVersion = 50;
	objects = {

/* Begin PBXBuildFile section */
		5876ACC74DDDD0D497A4AB4C /* Pods_SnapKitSample.framework in Frameworks */ = {isa = PBXBuildFile; fileRef = 23F8DDC351BFCEE2C1AB9777 /* Pods_SnapKitSample.framework */; };
		8DE5906120D9ED260095687A /* AppDelegate.swift in Sources */ = {isa = PBXBuildFile; fileRef = 8DE5906020D9ED260095687A /* AppDelegate.swift */; };
		8DE5906320D9ED260095687A /* ViewController.swift in Sources */ = {isa = PBXBuildFile; fileRef = 8DE5906220D9ED260095687A /* ViewController.swift */; };
		8DE5906820D9ED270095687A /* Assets.xcassets in Resources */ = {isa = PBXBuildFile; fileRef = 8DE5906720D9ED270095687A /* Assets.xcassets */; };
		8DE5906B20D9ED270095687A /* LaunchScreen.storyboard in Resources */ = {isa = PBXBuildFile; fileRef = 8DE5906920D9ED270095687A /* LaunchScreen.storyboard */; };
		8DE5907320D9F9850095687A /* ViewController2.swift in Sources */ = {isa = PBXBuildFile; fileRef = 8DE5907220D9F9850095687A /* ViewController2.swift */; };
/* End PBXBuildFile section */

/* Begin PBXFileReference section */
		23F8DDC351BFCEE2C1AB9777 /* Pods_SnapKitSample.framework */ = {isa = PBXFileReference; explicitFileType = wrapper.framework; includeInIndex = 0; path = Pods_SnapKitSample.framework; sourceTree = BUILT_PRODUCTS_DIR; };
		6EA9F31BFB3E6DB18A183DCA /* Pods-SnapKitSample.debug.xcconfig */ = {isa = PBXFileReference; includeInIndex = 1; lastKnownFileType = text.xcconfig; name = "Pods-SnapKitSample.debug.xcconfig"; path = "Pods/Target Support Files/Pods-SnapKitSample/Pods-SnapKitSample.debug.xcconfig"; sourceTree = "<group>"; };
		79ACA2586E59F821649C99CB /* Pods-SnapKitSample.release.xcconfig */ = {isa = PBXFileReference; includeInIndex = 1; lastKnownFileType = text.xcconfig; name = "Pods-SnapKitSample.release.xcconfig"; path = "Pods/Target Support Files/Pods-SnapKitSample/Pods-SnapKitSample.release.xcconfig"; sourceTree = "<group>"; };
		8DE5905D20D9ED260095687A /* SnapKitSample.app */ = {isa = PBXFileReference; explicitFileType = wrapper.application; includeInIndex = 0; path = SnapKitSample.app; sourceTree = BUILT_PRODUCTS_DIR; };
		8DE5906020D9ED260095687A /* AppDelegate.swift */ = {isa = PBXFileReference; lastKnownFileType = sourcecode.swift; path = AppDelegate.swift; sourceTree = "<group>"; };
		8DE5906220D9ED260095687A /* ViewController.swift */ = {isa = PBXFileReference; lastKnownFileType = sourcecode.swift; path = ViewController.swift; sourceTree = "<group>"; };
		8DE5906720D9ED270095687A /* Assets.xcassets */ = {isa = PBXFileReference; lastKnownFileType = folder.assetcatalog; path = Assets.xcassets; sourceTree = "<group>"; };
		8DE5906A20D9ED270095687A /* Base */ = {isa = PBXFileReference; lastKnownFileType = file.storyboard; name = Base; path = Base.lproj/LaunchScreen.storyboard; sourceTree = "<group>"; };
		8DE5906C20D9ED270095687A /* Info.plist */ = {isa = PBXFileReference; lastKnownFileType = text.plist.xml; path = Info.plist; sourceTree = "<group>"; };
		8DE5907220D9F9850095687A /* ViewController2.swift */ = {isa = PBXFileReference; lastKnownFileType = sourcecode.swift; path = ViewController2.swift; sourceTree = "<group>"; };
/* End PBXFileReference section */

/* Begin PBXFrameworksBuildPhase section */
		8DE5905A20D9ED260095687A /* Frameworks */ = {
			isa = PBXFrameworksBuildPhase;
			buildActionMask = 2147483647;
			files = (
				5876ACC74DDDD0D497A4AB4C /* Pods_SnapKitSample.framework in Frameworks */,
			);
			runOnlyForDeploymentPostprocessing = 0;
		};
/* End PBXFrameworksBuildPhase section */

/* Begin PBXGroup section */
		54D880C1ABCD6DAF11408CCA /* Pods */ = {
			isa = PBXGroup;
			children = (
				6EA9F31BFB3E6DB18A183DCA /* Pods-SnapKitSample.debug.xcconfig */,
				79ACA2586E59F821649C99CB /* Pods-SnapKitSample.release.xcconfig */,
			);
			name = Pods;
			sourceTree = "<group>";
		};
		8DE5905420D9ED260095687A = {
			isa = PBXGroup;
			children = (
				8DE5905F20D9ED260095687A /* SnapKitSample */,
				8DE5905E20D9ED260095687A /* Products */,
				54D880C1ABCD6DAF11408CCA /* Pods */,
				9C075AB3ADDE1591AB577189 /* Frameworks */,
			);
			sourceTree = "<group>";
		};
		8DE5905E20D9ED260095687A /* Products */ = {
			isa = PBXGroup;
			children = (
				8DE5905D20D9ED260095687A /* SnapKitSample.app */,
			);
			name = Products;
			sourceTree = "<group>";
		};
		8DE5905F20D9ED260095687A /* SnapKitSample */ = {
			isa = PBXGroup;
			children = (
				8DE5906020D9ED260095687A /* AppDelegate.swift */,
				8DE5906220D9ED260095687A /* ViewController.swift */,
				8DE5907220D9F9850095687A /* ViewController2.swift */,
				8DE5906720D9ED270095687A /* Assets.xcassets */,
				8DE5906920D9ED270095687A /* LaunchScreen.storyboard */,
				8DE5906C20D9ED270095687A /* Info.plist */,
			);
			path = SnapKitSample;
			sourceTree = "<group>";
		};
		9C075AB3ADDE1591AB577189 /* Frameworks */ = {
			isa = PBXGroup;
			children = (
				23F8DDC351BFCEE2C1AB9777 /* Pods_SnapKitSample.framework */,
			);
			name = Frameworks;
			sourceTree = "<group>";
		};
/* End PBXGroup section */

/* Begin PBXNativeTarget section */
		8DE5905C20D9ED260095687A /* SnapKitSample */ = {
			isa = PBXNativeTarget;
			buildConfigurationList = 8DE5906F20D9ED270095687A /* Build configuration list for PBXNativeTarget "SnapKitSample" */;
			buildPhases = (
				A2876847EF20954B44242E4E /* [CP] Check Pods Manifest.lock */,
				8DE5905920D9ED260095687A /* Sources */,
				8DE5905A20D9ED260095687A /* Frameworks */,
				8DE5905B20D9ED260095687A /* Resources */,
				EB36D8FACB9FCAD20C443137 /* [CP] Embed Pods Frameworks */,
			);
			buildRules = (
			);
			dependencies = (
			);
			name = SnapKitSample;
			productName = SnapKitSample;
			productReference = 8DE5905D20D9ED260095687A /* SnapKitSample.app */;
			productType = "com.apple.product-type.application";
		};
/* End PBXNativeTarget section */

/* Begin PBXProject section */
		8DE5905520D9ED260095687A /* Project object */ = {
			isa = PBXProject;
			attributes = {
				LastSwiftUpdateCheck = 0940;
				LastUpgradeCheck = 0940;
				ORGANIZATIONNAME = "Parunyu Intama";
				TargetAttributes = {
					8DE5905C20D9ED260095687A = {
						CreatedOnToolsVersion = 9.4.1;
					};
				};
			};
			buildConfigurationList = 8DE5905820D9ED260095687A /* Build configuration list for PBXProject "SnapKitSample" */;
			compatibilityVersion = "Xcode 9.3";
			developmentRegion = en;
			hasScannedForEncodings = 0;
			knownRegions = (
				en,
				Base,
			);
			mainGroup = 8DE5905420D9ED260095687A;
			productRefGroup = 8DE5905E20D9ED260095687A /* Products */;
			projectDirPath = "";
			projectRoot = "";
			targets = (
				8DE5905C20D9ED260095687A /* SnapKitSample */,
			);
		};
/* End PBXProject section */

/* Begin PBXResourcesBuildPhase section */
		8DE5905B20D9ED260095687A /* Resources */ = {
			isa = PBXResourcesBuildPhase;
			buildActionMask = 2147483647;
			files = (
				8DE5906B20D9ED270095687A /* LaunchScreen.storyboard in Resources */,
				8DE5906820D9ED270095687A /* Assets.xcassets in Resources */,
			);
			runOnlyForDeploymentPostprocessing = 0;
		};
/* End PBXResourcesBuildPhase section */

/* Begin PBXShellScriptBuildPhase section */
		A2876847EF20954B44242E4E /* [CP] Check Pods Manifest.lock */ = {
			isa = PBXShellScriptBuildPhase;
			buildActionMask = 2147483647;
			files = (
			);
			inputPaths = (
				"${PODS_PODFILE_DIR_PATH}/Podfile.lock",
				"${PODS_ROOT}/Manifest.lock",
			);
			name = "[CP] Check Pods Manifest.lock";
			outputPaths = (
				"$(DERIVED_FILE_DIR)/Pods-SnapKitSample-checkManifestLockResult.txt",
			);
			runOnlyForDeploymentPostprocessing = 0;
			shellPath = /bin/sh;
			shellScript = "diff \"${PODS_PODFILE_DIR_PATH}/Podfile.lock\" \"${PODS_ROOT}/Manifest.lock\" > /dev/null\nif [ $? != 0 ] ; then\n    # print error to STDERR\n    echo \"error: The sandbox is not in sync with the Podfile.lock. Run 'pod install' or update your CocoaPods installation.\" >&2\n    exit 1\nfi\n# This output is used by Xcode 'outputs' to avoid re-running this script phase.\necho \"SUCCESS\" > \"${SCRIPT_OUTPUT_FILE_0}\"\n";
			showEnvVarsInLog = 0;
		};
		EB36D8FACB9FCAD20C443137 /* [CP] Embed Pods Frameworks */ = {
			isa = PBXShellScriptBuildPhase;
			buildActionMask = 2147483647;
			files = (
			);
			inputPaths = (
				"${SRCROOT}/Pods/Target Support Files/Pods-SnapKitSample/Pods-SnapKitSample-frameworks.sh",
				"${BUILT_PRODUCTS_DIR}/SnapKit/SnapKit.framework",
			);
			name = "[CP] Embed Pods Frameworks";
			outputPaths = (
				"${TARGET_BUILD_DIR}/${FRAMEWORKS_FOLDER_PATH}/SnapKit.framework",
			);
			runOnlyForDeploymentPostprocessing = 0;
			shellPath = /bin/sh;
			shellScript = "\"${SRCROOT}/Pods/Target Support Files/Pods-SnapKitSample/Pods-SnapKitSample-frameworks.sh\"\n";
			showEnvVarsInLog = 0;
		};
/* End PBXShellScriptBuildPhase section */

/* Begin PBXSourcesBuildPhase section */
		8DE5905920D9ED260095687A /* Sources */ = {
			isa = PBXSourcesBuildPhase;
			buildActionMask = 2147483647;
			files = (
				8DE5906320D9ED260095687A /* ViewController.swift in Sources */,
				8DE5906120D9ED260095687A /* AppDelegate.swift in Sources */,
				8DE5907320D9F9850095687A /* ViewController2.swift in Sources */,
			);
			runOnlyForDeploymentPostprocessing = 0;
		};
/* End PBXSourcesBuildPhase section */

/* Begin PBXVariantGroup section */
		8DE5906920D9ED270095687A /* LaunchScreen.storyboard */ = {
			isa = PBXVariantGroup;
			children = (
				8DE5906A20D9ED270095687A /* Base */,
			);
			name = LaunchScreen.storyboard;
			sourceTree = "<group>";
		};
/* End PBXVariantGroup section */

/* Begin XCBuildConfiguration section */
		8DE5906D20D9ED270095687A /* Debug */ = {
			isa = XCBuildConfiguration;
			buildSettings = {
				ALWAYS_SEARCH_USER_PATHS = NO;
				CLANG_ANALYZER_NONNULL = YES;
				CLANG_ANALYZER_NUMBER_OBJECT_CONVERSION = YES_AGGRESSIVE;
				CLANG_CXX_LANGUAGE_STANDARD = "gnu++14";
				CLANG_CXX_LIBRARY = "libc++";
				CLANG_ENABLE_MODULES = YES;
				CLANG_ENABLE_OBJC_ARC = YES;
				CLANG_ENABLE_OBJC_WEAK = YES;
				CLANG_WARN_BLOCK_CAPTURE_AUTORELEASING = YES;
				CLANG_WARN_BOOL_CONVERSION = YES;
				CLANG_WARN_COMMA = YES;
				CLANG_WARN_CONSTANT_CONVERSION = YES;
				CLANG_WARN_DEPRECATED_OBJC_IMPLEMENTATIONS = YES;
				CLANG_WARN_DIRECT_OBJC_ISA_USAGE = YES_ERROR;
				CLANG_WARN_DOCUMENTATION_COMMENTS = YES;
				CLANG_WARN_EMPTY_BODY = YES;
				CLANG_WARN_ENUM_CONVERSION = YES;
				CLANG_WARN_INFINITE_RECURSION = YES;
				CLANG_WARN_INT_CONVERSION = YES;
				CLANG_WARN_NON_LITERAL_NULL_CONVERSION = YES;
				CLANG_WARN_OBJC_IMPLICIT_RETAIN_SELF = YES;
				CLANG_WARN_OBJC_LITERAL_CONVERSION = YES;
				CLANG_WARN_OBJC_ROOT_CLASS = YES_ERROR;
				CLANG_WARN_RANGE_LOOP_ANALYSIS = YES;
				CLANG_WARN_STRICT_PROTOTYPES = YES;
				CLANG_WARN_SUSPICIOUS_MOVE = YES;
				CLANG_WARN_UNGUARDED_AVAILABILITY = YES_AGGRESSIVE;
				CLANG_WARN_UNREACHABLE_CODE = YES;
				CLANG_WARN__DUPLICATE_METHOD_MATCH = YES;
				CODE_SIGN_IDENTITY = "iPhone Developer";
				COPY_PHASE_STRIP = NO;
				DEBUG_INFORMATION_FORMAT = dwarf;
				ENABLE_STRICT_OBJC_MSGSEND = YES;
				ENABLE_TESTABILITY = YES;
				GCC_C_LANGUAGE_STANDARD = gnu11;
				GCC_DYNAMIC_NO_PIC = NO;
				GCC_NO_COMMON_BLOCKS = YES;
				GCC_OPTIMIZATION_LEVEL = 0;
				GCC_PREPROCESSOR_DEFINITIONS = (
					"DEBUG=1",
					"$(inherited)",
				);
				GCC_WARN_64_TO_32_BIT_CONVERSION = YES;
				GCC_WARN_ABOUT_RETURN_TYPE = YES_ERROR;
				GCC_WARN_UNDECLARED_SELECTOR = YES;
				GCC_WARN_UNINITIALIZED_AUTOS = YES_AGGRESSIVE;
				GCC_WARN_UNUSED_FUNCTION = YES;
				GCC_WARN_UNUSED_VARIABLE = YES;
				IPHONEOS_DEPLOYMENT_TARGET = 11.4;
				MTL_ENABLE_DEBUG_INFO = YES;
				ONLY_ACTIVE_ARCH = YES;
				SDKROOT = iphoneos;
				SWIFT_ACTIVE_COMPILATION_CONDITIONS = DEBUG;
				SWIFT_OPTIMIZATION_LEVEL = "-Onone";
			};
			name = Debug;
		};
		8DE5906E20D9ED270095687A /* Release */ = {
			isa = XCBuildConfiguration;
			buildSettings = {
				ALWAYS_SEARCH_USER_PATHS = NO;
				CLANG_ANALYZER_NONNULL = YES;
				CLANG_ANALYZER_NUMBER_OBJECT_CONVERSION = YES_AGGRESSIVE;
				CLANG_CXX_LANGUAGE_STANDARD = "gnu++14";
				CLANG_CXX_LIBRARY = "libc++";
				CLANG_ENABLE_MODULES = YES;
				CLANG_ENABLE_OBJC_ARC = YES;
				CLANG_ENABLE_OBJC_WEAK = YES;
				CLANG_WARN_BLOCK_CAPTURE_AUTORELEASING = YES;
				CLANG_WARN_BOOL_CONVERSION = YES;
				CLANG_WARN_COMMA = YES;
				CLANG_WARN_CONSTANT_CONVERSION = YES;
				CLANG_WARN_DEPRECATED_OBJC_IMPLEMENTATIONS = YES;
				CLANG_WARN_DIRECT_OBJC_ISA_USAGE = YES_ERROR;
				CLANG_WARN_DOCUMENTATION_COMMENTS = YES;
				CLANG_WARN_EMPTY_BODY = YES;
				CLANG_WARN_ENUM_CONVERSION = YES;
				CLANG_WARN_INFINITE_RECURSION = YES;
				CLANG_WARN_INT_CONVERSION = YES;
				CLANG_WARN_NON_LITERAL_NULL_CONVERSION = YES;
				CLANG_WARN_OBJC_IMPLICIT_RETAIN_SELF = YES;
				CLANG_WARN_OBJC_LITERAL_CONVERSION = YES;
				CLANG_WARN_OBJC_ROOT_CLASS = YES_ERROR;
				CLANG_WARN_RANGE_LOOP_ANALYSIS = YES;
				CLANG_WARN_STRICT_PROTOTYPES = YES;
				CLANG_WARN_SUSPICIOUS_MOVE = YES;
				CLANG_WARN_UNGUARDED_AVAILABILITY = YES_AGGRESSIVE;
				CLANG_WARN_UNREACHABLE_CODE = YES;
				CLANG_WARN__DUPLICATE_METHOD_MATCH = YES;
				CODE_SIGN_IDENTITY = "iPhone Developer";
				COPY_PHASE_STRIP = NO;
				DEBUG_INFORMATION_FORMAT = "dwarf-with-dsym";
				ENABLE_NS_ASSERTIONS = NO;
				ENABLE_STRICT_OBJC_MSGSEND = YES;
				GCC_C_LANGUAGE_STANDARD = gnu11;
				GCC_NO_COMMON_BLOCKS = YES;
				GCC_WARN_64_TO_32_BIT_CONVERSION = YES;
				GCC_WARN_ABOUT_RETURN_TYPE = YES_ERROR;
				GCC_WARN_UNDECLARED_SELECTOR = YES;
				GCC_WARN_UNINITIALIZED_AUTOS = YES_AGGRESSIVE;
				GCC_WARN_UNUSED_FUNCTION = YES;
				GCC_WARN_UNUSED_VARIABLE = YES;
				IPHONEOS_DEPLOYMENT_TARGET = 11.4;
				MTL_ENABLE_DEBUG_INFO = NO;
				SDKROOT = iphoneos;
				SWIFT_COMPILATION_MODE = wholemodule;
				SWIFT_OPTIMIZATION_LEVEL = "-O";
				VALIDATE_PRODUCT = YES;
			};
			name = Release;
		};
		8DE5907020D9ED270095687A /* Debug */ = {
			isa = XCBuildConfiguration;
			baseConfigurationReference = 6EA9F31BFB3E6DB18A183DCA /* Pods-SnapKitSample.debug.xcconfig */;
			buildSettings = {
				ASSETCATALOG_COMPILER_APPICON_NAME = AppIcon;
				CODE_SIGN_STYLE = Automatic;
				DEVELOPMENT_TEAM = MMNK6N2W93;
				INFOPLIST_FILE = SnapKitSample/Info.plist;
				LD_RUNPATH_SEARCH_PATHS = (
					"$(inherited)",
					"@executable_path/Frameworks",
				);
				PRODUCT_BUNDLE_IDENTIFIER = Parunyu.SnapKitSample;
				PRODUCT_NAME = "$(TARGET_NAME)";
				SWIFT_VERSION = 4.0;
				TARGETED_DEVICE_FAMILY = "1,2";
			};
			name = Debug;
		};
		8DE5907120D9ED270095687A /* Release */ = {
			isa = XCBuildConfiguration;
			baseConfigurationReference = 79ACA2586E59F821649C99CB /* Pods-SnapKitSample.release.xcconfig */;
			buildSettings = {
				ASSETCATALOG_COMPILER_APPICON_NAME = AppIcon;
				CODE_SIGN_STYLE = Automatic;
				DEVELOPMENT_TEAM = MMNK6N2W93;
				INFOPLIST_FILE = SnapKitSample/Info.plist;
				LD_RUNPATH_SEARCH_PATHS = (
					"$(inherited)",
					"@executable_path/Frameworks",
				);
				PRODUCT_BUNDLE_IDENTIFIER = Parunyu.SnapKitSample;
				PRODUCT_NAME = "$(TARGET_NAME)";
				SWIFT_VERSION = 4.0;
				TARGETED_DEVICE_FAMILY = "1,2";
			};
			name = Release;
		};
/* End XCBuildConfiguration section */

/* Begin XCConfigurationList section */
		8DE5905820D9ED260095687A /* Build configuration list for PBXProject "SnapKitSample" */ = {
			isa = XCConfigurationList;
			buildConfigurations = (
				8DE5906D20D9ED270095687A /* Debug */,
				8DE5906E20D9ED270095687A /* Release */,
			);
			defaultConfigurationIsVisible = 0;
			defaultConfigurationName = Release;
		};
		8DE5906F20D9ED270095687A /* Build configuration list for PBXNativeTarget "SnapKitSample" */ = {
			isa = XCConfigurationList;
			buildConfigurations = (
				8DE5907020D9ED270095687A /* Debug */,
				8DE5907120D9ED270095687A /* Release */,
			);
			defaultConfigurationIsVisible = 0;
			defaultConfigurationName = Release;
		};
/* End XCConfigurationList section */
	};
	rootObject = 8DE5905520D9ED260095687A /* Project object */;
}
